{
  "lockfile_version": "1",
  "packages": {
    "act@latest": {
      "last_modified": "2026-06-06T02:11:57Z",
      "resolved": "github:NixOS/nixpkgs/f3ce60d5372cbb1490033766bdd4748dc0128e86#act",
      "source": "devbox-search",
      "version": "0.2.89",
      "systems": {
        "aarch64-darwin": {
          "outputs": [
            {
              "name": "out",
              "path": "/nix/store/h4dq1lrf47b35lpbnp2faqpxyicbn29d-act-0.2.89",
              "default": true
            }
          ],
          "store_path": "/nix/store/h4dq1lrf47b35lpbnp2faqpxyicbn29d-act-0.2.89"
        },
        "aarch64-linux": {
          "outputs": [
            {
              "name": "out",
              "path": "/nix/store/yciwf350knkkrs27ga35qs8gki836dql-act-0.2.89",
              "default": true
            }
          ],
          "store_path": "/nix/store/yciwf350knkkrs27ga35qs8gki836dql-act-0.2.89"
        },
        "x86_64-darwin": {
          "outputs": [
            {
              "name": "out",
              "path": "/nix/store/zfkd6hwj5d6db4ljlj0d80ai1mxs5f56-act-0.2.89",
              "default": true
            }
          ],
          "store_path": "/nix/store/zfkd6hwj5d6db4ljlj0d80ai1mxs5f56-act-0.2.89"
        },
        "x86_64-linux": {
          "outputs": [
            {
              "name": "out",
              "path": "/nix/store/q9wh1f9ygjvwpa9k1lyb9jy05nynxdna-act-0.2.89",
              "default": true
            }
          ],
          "store_path": "/nix/store/q9wh1f9ygjvwpa9k1lyb9jy05nynxdna-act-0.2.89"
        }
      }
    },
    "ansible@latest": {
      "last_modified": "2026-05-31T16:57:23Z",
      "resolved": "github:NixOS/nixpkgs/3109eaae18e09d0b8aef23dc2579e7d94b8d4b4e#ansible",
      "source": "devbox-search",
      "version": "2.21.0",
      "systems": {
        "aarch64-darwin": {
          "outputs": [
            {
              "name": "out",
              "path": "/nix/store/17dm2h47m3bg6dg9cs59ry2l0gzhvbw0-python3.13-ansible-core-2.21.0",
              "default": true
            },
            {
              "name": "dist",
              "path": "/nix/store/flj9arixb47ml3z8pg20pci5c14vkwib-python3.13-ansible-core-2.21.0-dist"
            }
          ],
          "store_path": "/nix/store/17dm2h47m3bg6dg9cs59ry2l0gzhvbw0-python3.13-ansible-core-2.21.0"
        },
        "aarch64-linux": {
          "outputs": [
            {
              "name": "out",
              "path": "/nix/store/akng2g5z5d3vc8msr3qsw93l86521q6h-python3.13-ansible-core-2.21.0",
              "default": true
            },
            {
              "name": "dist",
              "path": "/nix/store/183d2z9w95fnlap09yjqfmf4dqa4kpxm-python3.13-ansible-core-2.21.0-dist"
            }
          ],
          "store_path": "/nix/store/akng2g5z5d3vc8msr3qsw93l86521q6h-python3.13-ansible-core-2.21.0"
        },
        "x86_64-darwin": {
          "outputs": [
            {
              "name": "out",
              "path": "/nix/store/5y66b5h63jbj5lpd5xxkzrk51knm63bv-python3.13-ansible-core-2.21.0",
              "default": true
            },
            {
              "name": "dist",
              "path": "/nix/store/4lj92b5qalbx3yx3fd8ms0857gi46c1w-python3.13-ansible-core-2.21.0-dist"
            }
          ],
          "store_path": "/nix/store/5y66b5h63jbj5lpd5xxkzrk51knm63bv-python3.13-ansible-core-2.21.0"
        },
        "x86_64-linux": {
          "outputs": [
            {
              "name": "out",
              "path": "/nix/store/h7gnd3hm68ais08hbxx6nb0ylrb5j6sz-python3.13-ansible-core-2.21.0",
              "default": true
            },
            {
              "name": "dist",
              "path": "/nix/store/9ng8x5cb5wxsy8s2kgy8qgl6sfhs3vdp-python3.13-ansible-core-2.21.0-dist"
            }
          ],
          "store_path": "/nix/store/h7gnd3hm68ais08hbxx6nb0ylrb5j6sz-python3.13-ansible-core-2.21.0"
        }
      }
    },
    "argocd@latest": {
      "last_modified": "2026-06-27T07:37:20Z",
      "resolved": "github:NixOS/nixpkgs/3d46470bb3030020f7e1361f33514854f5bfa86d#argocd",
      "source": "devbox-search",
      "version": "3.4.4",
      "systems": {
        "aarch64-darwin": {
          "outputs": [
            {
              "name": "out",
              "path": "/nix/store/imzsai995yy3cy4vxv9jskp03hd9ng1h-argocd-3.4.4",
              "default": true
            }
          ],
          "store_path": "/nix/store/imzsai995yy3cy4vxv9jskp03hd9ng1h-argocd-3.4.4"
        },
        "aarch64-linux": {
          "outputs": [
            {
              "name": "out",
              "path": "/nix/store/27w259x8wqmcjnhs4ajy07zcjf38dzp6-argocd-3.4.4",
              "default": true
            }
          ],
          "store_path": "/nix/store/27w259x8wqmcjnhs4ajy07zcjf38dzp6-argocd-3.4.4"
        },
        "x86_64-darwin": {
          "outputs": [
            {
              "name": "out",
              "path": "/nix/store/61pfcf4ab27p5nbznyfbps6h1q4m9xaw-argocd-3.4.4",
              "default": true
            }
          ],
          "store_path": "/nix/store/61pfcf4ab27p5nbznyfbps6h1q4m9xaw-argocd-3.4.4"
        },
        "x86_64-linux": {
          "outputs": [
            {
              "name": "out",
              "path": "/nix/store/gybbhqargqzynz0qgzy1s9zfvpz495nb-argocd-3.4.4",
              "default": true
            }
          ],
          "store_path": "/nix/store/gybbhqargqzynz0qgzy1s9zfvpz495nb-argocd-3.4.4"
        }
      }
    },
    "awscli2@latest": {
      "last_modified": "2026-05-21T08:15:18Z",
      "resolved": "github:NixOS/nixpkgs/4a29d733e8a7d5b824c3d8c958a946a9867b3eb2#awscli2",
      "source": "devbox-search",
      "version": "2.34.24",
      "systems": {
        "aarch64-darwin": {
          "outputs": [
            {
              "name": "out",
              "path": "/nix/store/w5lflgz514vbsl45vc63qrfw37swrklm-awscli2-2.34.24",
              "default": true
            },
            {
              "name": "dist",
              "path": "/nix/store/gnfvy1z0izf2p4rwvjna803fpsvzjdb1-awscli2-2.34.24-dist"
            }
          ],
          "store_path": "/nix/store/w5lflgz514vbsl45vc63qrfw37swrklm-awscli2-2.34.24"
        },
        "aarch64-linux": {
          "outputs": [
            {
              "name": "out",
              "path": "/nix/store/6mpssrq9lmawn3ncwyyj0lnlv5smbnvx-awscli2-2.34.24",
              "default": true
            },
            {
              "name": "dist",
              "path": "/nix/store/9acg1jrvac2sqcwss8878jmxl34ybn51-awscli2-2.34.24-dist"
            }
          ],
          "store_path": "/nix/store/6mpssrq9lmawn3ncwyyj0lnlv5smbnvx-awscli2-2.34.24"
        },
        "x86_64-darwin": {
          "outputs": [
            {
              "name": "out",
              "path": "/nix/store/6xz79kc9jji7m9qxsv33bslv4p737z1n-awscli2-2.34.24",
              "default": true
            },
            {
              "name": "dist",
              "path": "/nix/store/j15v56g8yxsq7yc6m5lkhkhh448p2rhn-awscli2-2.34.24-dist"
            }
          ],
          "store_path": "/nix/store/6xz79kc9jji7m9qxsv33bslv4p737z1n-awscli2-2.34.24"
        },
        "x86_64-linux": {
          "outputs": [
            {
              "name": "out",
              "path": "/nix/store/1kxvaj17xxfl0dznykiqn2ikscajpwag-awscli2-2.34.24",
              "default": true
            },
            {
              "name": "dist",
              "path": "/nix/store/d61f9km3qfzb3xwa1nzd662ii8607zdh-awscli2-2.34.24-dist"
            }
          ],
          "store_path": "/nix/store/1kxvaj17xxfl0dznykiqn2ikscajpwag-awscli2-2.34.24"
        }
      }
    },
    "github:NixOS/nixpkgs/nixpkgs-unstable": {
      "last_modified": "2026-05-27T10:28:13Z",
      "resolved": "github:NixOS/nixpkgs/4100e830e085863741bc69b156ec4ccd53ab5be0?lastModified=1779877693&narHash=sha256-NOF9NAREhxr50bbBfVcVOq%2BArCMSoe8dP79Pk2uyARk%3D"
    },
    "kind@latest": {
      "last_modified": "2026-05-21T08:15:18Z",
      "resolved": "github:NixOS/nixpkgs/4a29d733e8a7d5b824c3d8c958a946a9867b3eb2#kind",
      "source": "devbox-search",
      "version": "0.31.0",
      "systems": {
        "aarch64-darwin": {
          "outputs": [
            {
              "name": "out",
              "path": "/nix/store/ww08xq7nr2ajkbwsgwhbhzafrqpg32kg-kind-0.31.0",
              "default": true
            }
          ],
          "store_path": "/nix/store/ww08xq7nr2ajkbwsgwhbhzafrqpg32kg-kind-0.31.0"
        },
        "aarch64-linux": {
          "outputs": [
            {
              "name": "out",
              "path": "/nix/store/7x7704ppc07911lfds9giqh9xx6lax2r-kind-0.31.0",
              "default": true
            }
          ],
          "store_path": "/nix/store/7x7704ppc07911lfds9giqh9xx6lax2r-kind-0.31.0"
        },
        "x86_64-darwin": {
          "outputs": [
            {
              "name": "out",
              "path": "/nix/store/b643pbvn3lq5saw4an10fzkfs0zkkwin-kind-0.31.0",
              "default": true
            }
          ],
          "store_path": "/nix/store/b643pbvn3lq5saw4an10fzkfs0zkkwin-kind-0.31.0"
        },
        "x86_64-linux": {
          "outputs": [
            {
              "name": "out",
              "path": "/nix/store/vwa0340xq0i90bdjz57zbn22gg17vwc0-kind-0.31.0",
              "default": true
            }
          ],
          "store_path": "/nix/store/vwa0340xq0i90bdjz57zbn22gg17vwc0-kind-0.31.0"
        }
      }
    },
    "kubectl@latest": {
      "last_modified": "2026-05-21T08:15:18Z",
      "resolved": "github:NixOS/nixpkgs/4a29d733e8a7d5b824c3d8c958a946a9867b3eb2#kubectl",
      "source": "devbox-search",
      "version": "1.36.1",
      "systems": {
        "aarch64-darwin": {
          "outputs": [
            {
              "name": "out",
              "path": "/nix/store/bayrw2infwx1kwsm7sbl7w7a4irb9xik-kubectl-1.36.1",
              "default": true
            },
            {
              "name": "man",
              "path": "/nix/store/4dncnmrgkz3cym4yyyfm0v8ajd98ij4k-kubectl-1.36.1-man",
              "default": true
            },
            {
              "name": "convert",
              "path": "/nix/store/7k4n6fpadgmd0is7az9snbmilv4igzcl-kubectl-1.36.1-convert"
            }
          ],
          "store_path": "/nix/store/bayrw2infwx1kwsm7sbl7w7a4irb9xik-kubectl-1.36.1"
        },
        "aarch64-linux": {
          "outputs": [
            {
              "name": "out",
              "path": "/nix/store/fjdhpd9i7122m1y1pvcpdalgspxmbald-kubectl-1.36.1",
              "default": true
            },
            {
              "name": "man",
              "path": "/nix/store/yq1yk6mx67s5m752xjr2yl6c1axkgqh1-kubectl-1.36.1-man",
              "default": true
            },
            {
              "name": "convert",
              "path": "/nix/store/kac9kz46wfklva8f850mshsdn8g4w4ps-kubectl-1.36.1-convert"
            }
          ],
          "store_path": "/nix/store/fjdhpd9i7122m1y1pvcpdalgspxmbald-kubectl-1.36.1"
        },
        "x86_64-darwin": {
          "outputs": [
            {
              "name": "out",
              "path": "/nix/store/d62il2034cjb2nfpvmfq31xr1mc4f3f1-kubectl-1.36.1",
              "default": true
            },
            {
              "name": "man",
              "path": "/nix/store/vlvri51s9l4dhi9v606arnbskd8ppsnr-kubectl-1.36.1-man",
              "default": true
            },
            {
              "name": "convert",
              "path": "/nix/store/pagdn4glxvcin2jdvfr4s2jmv5sf7b8v-kubectl-1.36.1-convert"
            }
          ],
          "store_path": "/nix/store/d62il2034cjb2nfpvmfq31xr1mc4f3f1-kubectl-1.36.1"
        },
        "x86_64-linux": {
          "outputs": [
            {
              "name": "out",
              "path": "/nix/store/hpxrpfnk0cdij0vwq0djimy9dcjl22vd-kubectl-1.36.1",
              "default": true
            },
            {
              "name": "man",
              "path": "/nix/store/wln7k2l3lglmzmaxc5s3ycbzdc793vdv-kubectl-1.36.1-man",
              "default": true
            },
            {
              "name": "convert",
              "path": "/nix/store/pajisc6xx344n31bklar8r04a395x7ws-kubectl-1.36.1-convert"
            }
          ],
          "store_path": "/nix/store/hpxrpfnk0cdij0vwq0djimy9dcjl22vd-kubectl-1.36.1"
        }
      }
    },
    "kubernetes-helm@latest": {
      "last_modified": "2026-06-27T07:37:20Z",
      "resolved": "github:NixOS/nixpkgs/3d46470bb3030020f7e1361f33514854f5bfa86d#kubernetes-helm",
      "source": "devbox-search",
      "version": "4.2.2",
      "systems": {
        "aarch64-darwin": {
          "outputs": [
            {
              "name": "out",
              "path": "/nix/store/0lgmnlz0r7x05r4jpxzpcwnhni35i3wg-kubernetes-helm-4.2.2",
              "default": true
            }
          ],
          "store_path": "/nix/store/0lgmnlz0r7x05r4jpxzpcwnhni35i3wg-kubernetes-helm-4.2.2"
        },
        "aarch64-linux": {
          "outputs": [
            {
              "name": "out",
              "path": "/nix/store/pllrya7h5i20i9r5hfrbfjzkmw4xjffp-kubernetes-helm-4.2.2",
              "default": true
            }
          ],
          "store_path": "/nix/store/pllrya7h5i20i9r5hfrbfjzkmw4xjffp-kubernetes-helm-4.2.2"
        },
        "x86_64-darwin": {
          "outputs": [
            {
              "name": "out",
              "path": "/nix/store/39fam1y2h1hkc9aw6g4pialvjxbvyx7n-kubernetes-helm-4.2.2",
              "default": true
            }
          ],
          "store_path": "/nix/store/39fam1y2h1hkc9aw6g4pialvjxbvyx7n-kubernetes-helm-4.2.2"
        },
        "x86_64-linux": {
          "outputs": [
            {
              "name": "out",
              "path": "/nix/store/ddbnas115nhfl91ypa7sfi5zhhnrnyfy-kubernetes-helm-4.2.2",
              "default": true
            }
          ],
          "store_path": "/nix/store/ddbnas115nhfl91ypa7sfi5zhhnrnyfy-kubernetes-helm-4.2.2"
        }
      }
    },
    "kustomize@latest": {
      "last_modified": "2026-06-27T07:37:20Z",
      "resolved": "github:NixOS/nixpkgs/3d46470bb3030020f7e1361f33514854f5bfa86d#kustomize",
      "source": "devbox-search",
      "version": "5.8.1",
      "systems": {
        "aarch64-darwin": {
          "outputs": [
            {
              "name": "out",
              "path": "/nix/store/iqr1czjzzm9zsdn250gxs5rf6q1c6ryf-kustomize-5.8.1",
              "default": true
            }
          ],
          "store_path": "/nix/store/iqr1czjzzm9zsdn250gxs5rf6q1c6ryf-kustomize-5.8.1"
        },
        "aarch64-linux": {
          "outputs": [
            {
              "name": "out",
              "path": "/nix/store/5fg6ic4bcmhxrqp7ylq2xwdgh4n6ik8i-kustomize-5.8.1",
              "default": true
            }
          ],
          "store_path": "/nix/store/5fg6ic4bcmhxrqp7ylq2xwdgh4n6ik8i-kustomize-5.8.1"
        },
        "x86_64-darwin": {
          "outputs": [
            {
              "name": "out",
              "path": "/nix/store/7hx9cv1yxfd01k33aaxay05a8pzm3gja-kustomize-5.8.1",
              "default": true
            }
          ],
          "store_path": "/nix/store/7hx9cv1yxfd01k33aaxay05a8pzm3gja-kustomize-5.8.1"
        },
        "x86_64-linux": {
          "outputs": [
            {
              "name": "out",
              "path": "/nix/store/qr14kk804av1w3i5a2ais4srhrhj86aj-kustomize-5.8.1",
              "default": true
            }
          ],
          "store_path": "/nix/store/qr14kk804av1w3i5a2ais4srhrhj86aj-kustomize-5.8.1"
        }
      }
    },
    "mise@latest": {
      "last_modified": "2026-06-08T15:01:26Z",
      "resolved": "github:NixOS/nixpkgs/8c3cede7ddc26bd659d2d383b5610efbd2c7a16e#mise",
      "source": "devbox-search",
      "version": "2026.6.0",
      "systems": {
        "aarch64-darwin": {
          "outputs": [
            {
              "name": "out",
              "path": "/nix/store/79881r56ifbgk4givmqakj1hp0298gl1-mise-2026.6.0",
              "default": true
            }
          ],
          "store_path": "/nix/store/79881r56ifbgk4givmqakj1hp0298gl1-mise-2026.6.0"
        },
        "aarch64-linux": {
          "outputs": [
            {
              "name": "out",
              "path": "/nix/store/nkhhbgkyml9jh5hf8i4avcra4kn1kdmy-mise-2026.6.0",
              "default": true
            }
          ],
          "store_path": "/nix/store/nkhhbgkyml9jh5hf8i4avcra4kn1kdmy-mise-2026.6.0"
        },
        "x86_64-darwin": {
          "outputs": [
            {
              "name": "out",
              "path": "/nix/store/6cxm84c6258xgbcsrmqfibhj2l48w44w-mise-2026.6.0",
              "default": true
            }
          ],
          "store_path": "/nix/store/6cxm84c6258xgbcsrmqfibhj2l48w44w-mise-2026.6.0"
        },
        "x86_64-linux": {
          "outputs": [
            {
              "name": "out",
              "path": "/nix/store/262k9df12jlr61xhi25r88i9r3v5p1pv-mise-2026.6.0",
              "default": true
            }
          ],
          "store_path": "/nix/store/262k9df12jlr61xhi25r88i9r3v5p1pv-mise-2026.6.0"
        }
      }
    },
    "terraform@latest": {
      "last_modified": "2026-06-05T19:07:58Z",
      "resolved": "github:NixOS/nixpkgs/891eaa77f0eed53352194677991bd30978f9b0ad#terraform",
      "source": "devbox-search",
      "version": "1.15.5",
      "systems": {
        "aarch64-darwin": {
          "outputs": [
            {
              "name": "out",
              "path": "/nix/store/pvvcwf3pvc60iyfzml81slw2w63m7zzc-terraform-1.15.5",
              "default": true
            }
          ],
          "store_path": "/nix/store/pvvcwf3pvc60iyfzml81slw2w63m7zzc-terraform-1.15.5"
        },
        "aarch64-linux": {
          "outputs": [
            {
              "name": "out",
              "path": "/nix/store/i01dx60xpnab1q6mv7zaqwg9dq7vf148-terraform-1.15.5",
              "default": true
            }
          ],
          "store_path": "/nix/store/i01dx60xpnab1q6mv7zaqwg9dq7vf148-terraform-1.15.5"
        },
        "x86_64-darwin": {
          "outputs": [
            {
              "name": "out",
              "path": "/nix/store/kx6kccjgaw7ky07vxk3wbp8hq7m3ap93-terraform-1.15.5",
              "default": true
            }
          ],
          "store_path": "/nix/store/kx6kccjgaw7ky07vxk3wbp8hq7m3ap93-terraform-1.15.5"
        },
        "x86_64-linux": {
          "outputs": [
            {
              "name": "out",
              "path": "/nix/store/z0h2f46j46bfjf52yahlwrm866z5xd74-terraform-1.15.5",
              "default": true
            }
          ],
          "store_path": "/nix/store/z0h2f46j46bfjf52yahlwrm866z5xd74-terraform-1.15.5"
        }
      }
    }
  }
}
